<?xml version="1.0" encoding="utf-8"?>
<Project ToolsVersion="4.0" xmlns="http://schemas.microsoft.com/developer/msbuild/2003">
  <ItemGroup>
    <Filter Include="源文件">
      <UniqueIdentifier>{4FC737F1-C7A5-4376-A066-2A32D752A2FF}</UniqueIdentifier>
      <Extensions>cpp;c;cc;cxx;def;odl;idl;hpj;bat;asm;asmx</Extensions>
    </Filter>
    <Filter Include="头文件">
      <UniqueIdentifier>{93995380-89BD-4b04-88EB-625FBE52EBFB}</UniqueIdentifier>
      <Extensions>h;hh;hpp;hxx;hm;inl;inc;ipp;xsd</Extensions>
    </Filter>
    <Filter Include="资源文件">
      <UniqueIdentifier>{67DA6AB6-F800-4c08-8B7A-83BB121AAD01}</UniqueIdentifier>
      <Extensions>rc;ico;cur;bmp;dlg;rc2;rct;bin;rgs;gif;jpg;jpeg;jpe;resx;tiff;tif;png;wav;mfcribbon-ms</Extensions>
    </Filter>
  </ItemGroup>
  <ItemGroup>
    <ClInclude Include="pch.h">
      <Filter>头文件</Filter>
    </ClInclude>
    <ClInclude Include="vssd_folder.h">
      <Filter>头文件</Filter>
    </ClInclude>
    <ClInclude Include="vssd_vcmd.h">
      <Filter>头文件</Filter>
    </ClInclude>
    <ClInclude Include="vssd_path.h">
      <Filter>头文件</Filter>
    </ClInclude>
    <ClInclude Include="vssd_pan.h">
      <Filter>头文件</Filter>
    </ClInclude>
    <ClInclude Include="vssd_disk.h">
      <Filter>头文件</Filter>
    </ClInclude>
    <ClInclude Include="tools_vssd.h">
      <Filter>头文件</Filter>
    </ClInclude>
    <ClInclude Include="vssdCat.h">
      <Filter>头文件</Filter>
    </ClInclude>
    <ClInclude Include="vssdCd.h">
      <Filter>头文件</Filter>
    </ClInclude>
    <ClInclude Include="vssdCls.h">
      <Filter>头文件</Filter>
    </ClInclude>
    <ClInclude Include="vssdCopy.h">
      <Filter>头文件</Filter>
    </ClInclude>
    <ClInclude Include="vssdDel.h">
      <Filter>头文件</Filter>
    </ClInclude>
    <ClInclude Include="vssdDir.h">
      <Filter>头文件</Filter>
    </ClInclude>
    <ClInclude Include="vssdLoad.h">
      <Filter>头文件</Filter>
    </ClInclude>
    <ClInclude Include="vssdMkdir.h">
      <Filter>头文件</Filter>
    </ClInclude>
    <ClInclude Include="vssdMklink.h">
      <Filter>头文件</Filter>
    </ClInclude>
    <ClInclude Include="vssdMove.h">
      <Filter>头文件</Filter>
    </ClInclude>
    <ClInclude Include="vssdRd.h">
      <Filter>头文件</Filter>
    </ClInclude>
    <ClInclude Include="vssdRen.h">
      <Filter>头文件</Filter>
    </ClInclude>
    <ClInclude Include="vssdSave.h">
      <Filter>头文件</Filter>
    </ClInclude>
  </ItemGroup>
  <ItemGroup>
    <ClCompile Include="pch.cpp">
      <Filter>源文件</Filter>
    </ClCompile>
    <ClCompile Include="ConsoleApplication2.cpp">
      <Filter>源文件</Filter>
    </ClCompile>
    <ClCompile Include="tool_path.cpp">
      <Filter>源文件</Filter>
    </ClCompile>
    <ClCompile Include="vssd_folder.cpp">
      <Filter>源文件</Filter>
    </ClCompile>
    <ClCompile Include="vDir.cpp">
      <Filter>源文件</Filter>
    </ClCompile>
    <ClCompile Include="vCd.cpp">
      <Filter>源文件</Filter>
    </ClCompile>
    <ClCompile Include="vCls.cpp">
      <Filter>源文件</Filter>
    </ClCompile>
    <ClCompile Include="vCopy.cpp">
      <Filter>源文件</Filter>
    </ClCompile>
    <ClCompile Include="vDel.cpp">
      <Filter>源文件</Filter>
    </ClCompile>
    <ClCompile Include="vLoad.cpp">
      <Filter>源文件</Filter>
    </ClCompile>
    <ClCompile Include="vMkdir.cpp">
      <Filter>源文件</Filter>
    </ClCompile>
    <ClCompile Include="vMklink.cpp">
      <Filter>源文件</Filter>
    </ClCompile>
    <ClCompile Include="vMove.cpp">
      <Filter>源文件</Filter>
    </ClCompile>
    <ClCompile Include="vRd.cpp">
      <Filter>源文件</Filter>
    </ClCompile>
    <ClCompile Include="vRen.cpp">
      <Filter>源文件</Filter>
    </ClCompile>
    <ClCompile Include="vSave.cpp">
      <Filter>源文件</Filter>
    </ClCompile>
    <ClCompile Include="vssd_pan.cpp">
      <Filter>源文件</Filter>
    </ClCompile>
    <ClCompile Include="vssd_disk.cpp">
      <Filter>源文件</Filter>
    </ClCompile>
    <ClCompile Include="vssdCat.cpp">
      <Filter>源文件</Filter>
    </ClCompile>
    <ClCompile Include="vssd_vcmd.cpp">
      <Filter>源文件</Filter>
    </ClCompile>
  </ItemGroup>
  <ItemGroup>
    <Text Include="DAILY.txt">
      <Filter>资源文件</Filter>
    </Text>
    <Text Include="TASK.txt">
      <Filter>资源文件</Filter>
    </Text>
  </ItemGroup>
</Project>